
Microsoft Visual Studio Solution File, Format Version 12.00
# Visual Studio Version 17
VisualStudioVersion = 17.3.32819.101
MinimumVisualStudioVersion = 10.0.40219.1
Project("{FAE04EC0-301F-11D3-BF4B-00C04F79EFBC}") = "wyszukiwanie", "wyszukiwanie\wyszukiwanie.csproj", "{D74E2C9E-1D3A-4A05-B260-4F004EEC9C13}"
EndProject
Global
	GlobalSection(SolutionConfigurationPlatforms) = preSolution
		Debug|Any CPU = Debug|Any CPU
		Release|Any CPU = Release|Any CPU
	EndGlobalSection
	GlobalSection(ProjectConfigurationPlatforms) = postSolution
		{D74E2C9E-1D3A-4A05-B260-4F004EEC9C13}.Debug|Any CPU.ActiveCfg = Debug|Any CPU
		{D74E2C9E-1D3A-4A05-B260-4F004EEC9C13}.Debug|Any CPU.Build.0 = Debug|Any CPU
		{D74E2C9E-1D3A-4A05-B260-4F004EEC9C13}.Release|Any CPU.ActiveCfg = Release|Any CPU
		{D74E2C9E-1D3A-4A05-B260-4F004EEC9C13}.Release|Any CPU.Build.0 = Release|Any CPU
	EndGlobalSection
	GlobalSection(SolutionProperties) = preSolution
		HideSolutionNode = FALSE
	EndGlobalSection
	GlobalSection(ExtensibilityGlobals) = postSolution
		SolutionGuid = {7A1F0685-4894-4E0B-8385-7E7D79FBB7A0}
	EndGlobalSection
EndGlobal
